// !$*UTF8*$!
{
	archiveVersion = 1;
	classes = {
	};
	objectVersion = 46;
	objects = {

/* Begin PBXBuildFile section */
		52B02C761D3094CD0064F6EE /* main.m in Sources */ = {isa = PBXBuildFile; fileRef = 52B02C751D3094CD0064F6EE /* main.m */; };
		52B02C791D3094CD0064F6EE /* AppDelegate.m in Sources */ = {isa = PBXBuildFile; fileRef = 52B02C781D3094CD0064F6EE /* AppDelegate.m */; };
		52B02C7C1D3094CD0064F6EE /* ViewController.m in Sources */ = {isa = PBXBuildFile; fileRef = 52B02C7B1D3094CD0064F6EE /* ViewController.m */; };
		52B02C7F1D3094CD0064F6EE /* Main.storyboard in Resources */ = {isa = PBXBuildFile; fileRef = 52B02C7D1D3094CD0064F6EE /* Main.storyboard */; };
		52B02C811D3094CD0064F6EE /* Assets.xcassets in Resources */ = {isa = PBXBuildFile; fileRef = 52B02C801D3094CD0064F6EE /* Assets.xcassets */; };
		52B02C841D3094CD0064F6EE /* LaunchScreen.storyboard in Resources */ = {isa = PBXBuildFile; fileRef = 52B02C821D3094CD0064F6EE /* LaunchScreen.storyboard */; };
/* End PBXBuildFile section */

/* Begin PBXFileReference section */
		52B02C711D3094CD0064F6EE /* UIWebviewWithCookie.app */ = {isa = PBXFileReference; explicitFileType = wrapper.application; includeInIndex = 0; path = UIWebviewWithCookie.app; sourceTree = BUILT_PRODUCTS_DIR; };
		52B02C751D3094CD0064F6EE /* main.m */ = {isa = PBXFileReference; lastKnownFileType = sourcecode.c.objc; path = main.m; sourceTree = "<group>"; };
		52B02C771D3094CD0064F6EE /* AppDelegate.h */ = {isa = PBXFileReference; lastKnownFileType = sourcecode.c.h; path = AppDelegate.h; sourceTree = "<group>"; };
		52B02C781D3094CD0064F6EE /* AppDelegate.m */ = {isa = PBXFileReference; lastKnownFileType = sourcecode.c.objc; path = AppDelegate.m; sourceTree = "<group>"; };
		52B02C7A1D3094CD0064F6EE /* ViewController.h */ = {isa = PBXFileReference; lastKnownFileType = sourcecode.c.h; path = ViewController.h; sourceTree = "<group>"; };
		52B02C7B1D3094CD0064F6EE /* ViewController.m */ = {isa = PBXFileReference; lastKnownFileType = sourcecode.c.objc; path = ViewController.m; sourceTree = "<group>"; };
		52B02C7E1D3094CD0064F6EE /* Base */ = {isa = PBXFileReference; lastKnownFileType = file.storyboard; name = Base; path = Base.lproj/Main.storyboard; sourceTree = "<group>"; };
		52B02C801D3094CD0064F6EE /* Assets.xcassets */ = {isa = PBXFileReference; lastKnownFileType = folder.assetcatalog; path = Assets.xcassets; sourceTree = "<group>"; };
		52B02C831D3094CD0064F6EE /* Base */ = {isa = PBXFileReference; lastKnownFileType = file.storyboard; name = Base; path = Base.lproj/LaunchScreen.storyboard; sourceTree = "<group>"; };
		52B02C851D3094CD0064F6EE /* Info.plist */ = {isa = PBXFileReference; lastKnownFileType = text.plist.xml; path = Info.plist; sourceTree = "<group>"; };
/* End PBXFileReference section */

/* Begin PBXFrameworksBuildPhase section */
		52B02C6E1D3094CD0064F6EE /* Frameworks */ = {
			isa = PBXFrameworksBuildPhase;
			buildActionMask = 2147483647;
			files = (
			);
			runOnlyForDeploymentPostprocessing = 0;
		};
/* End PBXFrameworksBuildPhase section */

/* Begin PBXGroup section */
		52B02C681D3094CD0064F6EE = {
			isa = PBXGroup;
			children = (
				52B02C731D3094CD0064F6EE /* UIWebviewWithCookie */,
				52B02C721D3094CD0064F6EE /* Products */,
			);
			sourceTree = "<group>";
		};
		52B02C721D3094CD0064F6EE /* Products */ = {
			isa = PBXGroup;
			children = (
				52B02C711D3094CD0064F6EE /* UIWebviewWithCookie.app */,
			);
			name = Products;
			sourceTree = "<group>";
		};
		52B02C731D3094CD0064F6EE /* UIWebviewWithCookie */ = {
			isa = PBXGroup;
			children = (
				52B02C771D3094CD0064F6EE /* AppDelegate.h */,
				52B02C781D3094CD0064F6EE /* AppDelegate.m */,
				52B02C7A1D3094CD0064F6EE /* ViewController.h */,
				52B02C7B1D3094CD0064F6EE /* ViewController.m */,
				52B02C7D1D3094CD0064F6EE /* Main.storyboard */,
				52B02C801D3094CD0064F6EE /* Assets.xcassets */,
				52B02C821D3094CD0064F6EE /* LaunchScreen.storyboard */,
				52B02C851D3094CD0064F6EE /* Info.plist */,
				52B02C741D3094CD0064F6EE /* Supporting Files */,
			);
			path = UIWebviewWithCookie;
			sourceTree = "<group>";
		};
		52B02C741D3094CD0064F6EE /* Supporting Files */ = {
			isa = PBXGroup;
			children = (
				52B02C751D3094CD0064F6EE /* main.m */,
			);
			name = "Supporting Files";
			sourceTree = "<group>";
		};
/* End PBXGroup section */

/* Begin PBXNativeTarget section */
		52B02C701D3094CD0064F6EE /* UIWebviewWithCookie */ = {
			isa = PBXNativeTarget;
			buildConfigurationList = 52B02C881D3094CD0064F6EE /* Build configuration list for PBXNativeTarget "UIWebviewWithCookie" */;
			buildPhases = (
				52B02C6D1D3094CD0064F6EE /* Sources */,
				52B02C6E1D3094CD0064F6EE /* Frameworks */,
				52B02C6F1D3094CD0064F6EE /* Resources */,
			);
			buildRules = (
			);
			dependencies = (
			);
			name = UIWebviewWithCookie;
			productName = UIWebviewWithCookie;
			productReference = 52B02C711D3094CD0064F6EE /* UIWebviewWithCookie.app */;
			productType = "com.apple.product-type.application";
		};
/* End PBXNativeTarget section */

/* Begin PBXProject section */
		52B02C691D3094CD0064F6EE /* Project object */ = {
			isa = PBXProject;
			attributes = {
				LastUpgradeCheck = 0730;
				ORGANIZATIONNAME = ZPengs;
				TargetAttributes = {
					52B02C701D3094CD0064F6EE = {
						CreatedOnToolsVersion = 7.3.1;
					};
				};
			};
			buildConfigurationList = 52B02C6C1D3094CD0064F6EE /* Build configuration list for PBXProject "UIWebviewWithCookie" */;
			compatibilityVersion = "Xcode 3.2";
			developmentRegion = English;
			hasScannedForEncodings = 0;
			knownRegions = (
				en,
				Base,
			);
			mainGroup = 52B02C681D3094CD0064F6EE;
			productRefGroup = 52B02C721D3094CD0064F6EE /* Products */;
			projectDirPath = "";
			projectRoot = "";
			targets = (
				52B02C701D3094CD0064F6EE /* UIWebviewWithCookie */,
			);
		};
/* End PBXProject section */

/* Begin PBXResourcesBuildPhase section */
		52B02C6F1D3094CD0064F6EE /* Resources */ = {
			isa = PBXResourcesBuildPhase;
			buildActionMask = 2147483647;
			files = (
				52B02C841D3094CD0064F6EE /* LaunchScreen.storyboard in Resources */,
				52B02C811D3094CD0064F6EE /* Assets.xcassets in Resources */,
				52B02C7F1D3094CD0064F6EE /* Main.storyboard in Resources */,
			);
			runOnlyForDeploymentPostprocessing = 0;
		};
/* End PBXResourcesBuildPhase section */

/* Begin PBXSourcesBuildPhase section */
		52B02C6D1D3094CD0064F6EE /* Sources */ = {
			isa = PBXSourcesBuildPhase;
			buildActionMask = 2147483647;
			files = (
				52B02C7C1D3094CD0064F6EE /* ViewController.m in Sources */,
				52B02C791D3094CD0064F6EE /* AppDelegate.m in Sources */,
				52B02C761D3094CD0064F6EE /* main.m in Sources */,
			);
			runOnlyForDeploymentPostprocessing = 0;
		};
/* End PBXSourcesBuildPhase section */

/* Begin PBXVariantGroup section */
		52B02C7D1D3094CD0064F6EE /* Main.storyboard */ = {
			isa = PBXVariantGroup;
			children = (
				52B02C7E1D3094CD0064F6EE /* Base */,
			);
			name = Main.storyboard;
			sourceTree = "<group>";
		};
		52B02C821D3094CD0064F6EE /* LaunchScreen.storyboard */ = {
			isa = PBXVariantGroup;
			children = (
				52B02C831D3094CD0064F6EE /* Base */,
			);
			name = LaunchScreen.storyboard;
			sourceTree = "<group>";
		};
/* End PBXVariantGroup section */

/* Begin XCBuildConfiguration section */
		52B02C861D3094CD0064F6EE /* Debug */ = {
			isa = XCBuildConfiguration;
			buildSettings = {
				ALWAYS_SEARCH_USER_PATHS = NO;
				CLANG_ANALYZER_NONNULL = YES;
				CLANG_CXX_LANGUAGE_STANDARD = "gnu++0x";
				CLANG_CXX_LIBRARY = "libc++";
				CLANG_ENABLE_MODULES = YES;
				CLANG_ENABLE_OBJC_ARC = YES;
				CLANG_WARN_BOOL_CONVERSION = YES;
				CLANG_WARN_CONSTANT_CONVERSION = YES;
				CLANG_WARN_DIRECT_OBJC_ISA_USAGE = YES_ERROR;
				CLANG_WARN_EMPTY_BODY = YES;
				CLANG_WARN_ENUM_CONVERSION = YES;
				CLANG_WARN_INT_CONVERSION = YES;
				CLANG_WARN_OBJC_ROOT_CLASS = YES_ERROR;
				CLANG_WARN_UNREACHABLE_CODE = YES;
				CLANG_WARN__DUPLICATE_METHOD_MATCH = YES;
				"CODE_SIGN_IDENTITY[sdk=iphoneos*]" = "iPhone Developer";
				COPY_PHASE_STRIP = NO;
				DEBUG_INFORMATION_FORMAT = dwarf;
				ENABLE_STRICT_OBJC_MSGSEND = YES;
				ENABLE_TESTABILITY = YES;
				GCC_C_LANGUAGE_STANDARD = gnu99;
				GCC_DYNAMIC_NO_PIC = NO;
				GCC_NO_COMMON_BLOCKS = YES;
				GCC_OPTIMIZATION_LEVEL = 0;
				GCC_PREPROCESSOR_DEFINITIONS = (
					"DEBUG=1",
					"$(inherited)",
				);
				GCC_WARN_64_TO_32_BIT_CONVERSION = YES;
				GCC_WARN_ABOUT_RETURN_TYPE = YES_ERROR;
				GCC_WARN_UNDECLARED_SELECTOR = YES;
				GCC_WARN_UNINITIALIZED_AUTOS = YES_AGGRESSIVE;
				GCC_WARN_UNUSED_FUNCTION = YES;
				GCC_WARN_UNUSED_VARIABLE = YES;
				IPHONEOS_DEPLOYMENT_TARGET = 9.3;
				MTL_ENABLE_DEBUG_INFO = YES;
				ONLY_ACTIVE_ARCH = YES;
				SDKROOT = iphoneos;
			};
			name = Debug;
		};
		52B02C871D3094CD0064F6EE /* Release */ = {
			isa = XCBuildConfiguration;
			buildSettings = {
				ALWAYS_SEARCH_USER_PATHS = NO;
				CLANG_ANALYZER_NONNULL = YES;
				CLANG_CXX_LANGUAGE_STANDARD = "gnu++0x";
				CLANG_CXX_LIBRARY = "libc++";
				CLANG_ENABLE_MODULES = YES;
				CLANG_ENABLE_OBJC_ARC = YES;
				CLANG_WARN_BOOL_CONVERSION = YES;
				CLANG_WARN_CONSTANT_CONVERSION = YES;
				CLANG_WARN_DIRECT_OBJC_ISA_USAGE = YES_ERROR;
				CLANG_WARN_EMPTY_BODY = YES;
				CLANG_WARN_ENUM_CONVERSION = YES;
				CLANG_WARN_INT_CONVERSION = YES;
				CLANG_WARN_OBJC_ROOT_CLASS = YES_ERROR;
				CLANG_WARN_UNREACHABLE_CODE = YES;
				CLANG_WARN__DUPLICATE_METHOD_MATCH = YES;
				"CODE_SIGN_IDENTITY[sdk=iphoneos*]" = "iPhone Developer";
				COPY_PHASE_STRIP = NO;
				DEBUG_INFORMATION_FORMAT = "dwarf-with-dsym";
				ENABLE_NS_ASSERTIONS = NO;
				ENABLE_STRICT_OBJC_MSGSEND = YES;
				GCC_C_LANGUAGE_STANDARD = gnu99;
				GCC_NO_COMMON_BLOCKS = YES;
				GCC_WARN_64_TO_32_BIT_CONVERSION = YES;
				GCC_WARN_ABOUT_RETURN_TYPE = YES_ERROR;
				GCC_WARN_UNDECLARED_SELECTOR = YES;
				GCC_WARN_UNINITIALIZED_AUTOS = YES_AGGRESSIVE;
				GCC_WARN_UNUSED_FUNCTION = YES;
				GCC_WARN_UNUSED_VARIABLE = YES;
				IPHONEOS_DEPLOYMENT_TARGET = 9.3;
				MTL_ENABLE_DEBUG_INFO = NO;
				SDKROOT = iphoneos;
				VALIDATE_PRODUCT = YES;
			};
			name = Release;
		};
		52B02C891D3094CD0064F6EE /* Debug */ = {
			isa = XCBuildConfiguration;
			buildSettings = {
				ASSETCATALOG_COMPILER_APPICON_NAME = AppIcon;
				INFOPLIST_FILE = UIWebviewWithCookie/Info.plist;
				LD_RUNPATH_SEARCH_PATHS = "$(inherited) @executable_path/Frameworks";
				PRODUCT_BUNDLE_IDENTIFIER = com.hudong.UIWebviewWithCookie;
				PRODUCT_NAME = "$(TARGET_NAME)";
			};
			name = Debug;
		};
		52B02C8A1D3094CD0064F6EE /* Release */ = {
			isa = XCBuildConfiguration;
			buildSettings = {
				ASSETCATALOG_COMPILER_APPICON_NAME = AppIcon;
				INFOPLIST_FILE = UIWebviewWithCookie/Info.plist;
				LD_RUNPATH_SEARCH_PATHS = "$(inherited) @executable_path/Frameworks";
				PRODUCT_BUNDLE_IDENTIFIER = com.hudong.UIWebviewWithCookie;
				PRODUCT_NAME = "$(TARGET_NAME)";
			};
			name = Release;
		};
/* End XCBuildConfiguration section */

/* Begin XCConfigurationList section */
		52B02C6C1D3094CD0064F6EE /* Build configuration list for PBXProject "UIWebviewWithCookie" */ = {
			isa = XCConfigurationList;
			buildConfigurations = (
				52B02C861D3094CD0064F6EE /* Debug */,
				52B02C871D3094CD0064F6EE /* Release */,
			);
			defaultConfigurationIsVisible = 0;
			defaultConfigurationName = Release;
		};
		52B02C881D3094CD0064F6EE /* Build configuration list for PBXNativeTarget "UIWebviewWithCookie" */ = {
			isa = XCConfigurationList;
			buildConfigurations = (
				52B02C891D3094CD0064F6EE /* Debug */,
				52B02C8A1D3094CD0064F6EE /* Release */,
			);
			defaultConfigurationIsVisible = 0;
		};
/* End XCConfigurationList section */
	};
	rootObject = 52B02C691D3094CD0064F6EE /* Project object */;
}
